
Microsoft Visual Studio Solution File, Format Version 12.00
# Visual Studio Version 16
VisualStudioVersion = 16.0.29403.142
MinimumVisualStudioVersion = 10.0.40219.1
Project("{9A19103F-16F7-4668-BE54-9A1E7A4F7556}") = "coreadb", "madb.core\coreadb.csproj", "{8C4D8C19-42D3-4409-905C-7D952517F6AB}"
EndProject
Project("{9A19103F-16F7-4668-BE54-9A1E7A4F7556}") = "SharpAdbClient", "libs\madb\SharpAdbClient\SharpAdbClient.csproj", "{02269D70-0516-4393-A71E-2C0C6A949EEB}"
EndProject
Project("{9A19103F-16F7-4668-BE54-9A1E7A4F7556}") = "SharpAdbClient.Extensions", "libs\madb\SharpAdbClient.Extensions\SharpAdbClient.Extensions.csproj", "{DD7C2241-89C3-45E8-A89D-0DEDAF895755}"
EndProject
Project("{9A19103F-16F7-4668-BE54-9A1E7A4F7556}") = "SSH.Net.Core", "libs\ssh.net.core\SSH.Net.Core.csproj", "{9A95DC4E-362B-48FF-913F-0857D052EE02}"
EndProject
Project("{9A19103F-16F7-4668-BE54-9A1E7A4F7556}") = "AppLoader", "AppLoader\AppLoader.csproj", "{23BC8221-F6C0-409E-8214-C58DD0BB9F23}"
EndProject
Project("{FAE04EC0-301F-11D3-BF4B-00C04F79EFBC}") = "WpfAppDeployer", "WpfAppDeployer\WpfAppDeployer.csproj", "{6C984E6D-22B1-4482-B39E-7F7A06FA8F1E}"
EndProject
Project("{FAE04EC0-301F-11D3-BF4B-00C04F79EFBC}") = "libAppDeployer", "libAppDeployer\libAppDeployer.csproj", "{B260ECA3-E4BD-490E-9C35-560BDA7BA44B}"
EndProject
Global
	GlobalSection(SolutionConfigurationPlatforms) = preSolution
		Debug|Any CPU = Debug|Any CPU
		Release|Any CPU = Release|Any CPU
	EndGlobalSection
	GlobalSection(ProjectConfigurationPlatforms) = postSolution
		{8C4D8C19-42D3-4409-905C-7D952517F6AB}.Debug|Any CPU.ActiveCfg = Debug|Any CPU
		{8C4D8C19-42D3-4409-905C-7D952517F6AB}.Debug|Any CPU.Build.0 = Debug|Any CPU
		{8C4D8C19-42D3-4409-905C-7D952517F6AB}.Release|Any CPU.ActiveCfg = Release|Any CPU
		{8C4D8C19-42D3-4409-905C-7D952517F6AB}.Release|Any CPU.Build.0 = Release|Any CPU
		{02269D70-0516-4393-A71E-2C0C6A949EEB}.Debug|Any CPU.ActiveCfg = Debug|Any CPU
		{02269D70-0516-4393-A71E-2C0C6A949EEB}.Debug|Any CPU.Build.0 = Debug|Any CPU
		{02269D70-0516-4393-A71E-2C0C6A949EEB}.Release|Any CPU.ActiveCfg = Release|Any CPU
		{02269D70-0516-4393-A71E-2C0C6A949EEB}.Release|Any CPU.Build.0 = Release|Any CPU
		{DD7C2241-89C3-45E8-A89D-0DEDAF895755}.Debug|Any CPU.ActiveCfg = Debug|Any CPU
		{DD7C2241-89C3-45E8-A89D-0DEDAF895755}.Debug|Any CPU.Build.0 = Debug|Any CPU
		{DD7C2241-89C3-45E8-A89D-0DEDAF895755}.Release|Any CPU.ActiveCfg = Release|Any CPU
		{DD7C2241-89C3-45E8-A89D-0DEDAF895755}.Release|Any CPU.Build.0 = Release|Any CPU
		{9A95DC4E-362B-48FF-913F-0857D052EE02}.Debug|Any CPU.ActiveCfg = Debug|Any CPU
		{9A95DC4E-362B-48FF-913F-0857D052EE02}.Debug|Any CPU.Build.0 = Debug|Any CPU
		{9A95DC4E-362B-48FF-913F-0857D052EE02}.Release|Any CPU.ActiveCfg = Release|Any CPU
		{9A95DC4E-362B-48FF-913F-0857D052EE02}.Release|Any CPU.Build.0 = Release|Any CPU
		{23BC8221-F6C0-409E-8214-C58DD0BB9F23}.Debug|Any CPU.ActiveCfg = Debug|Any CPU
		{23BC8221-F6C0-409E-8214-C58DD0BB9F23}.Debug|Any CPU.Build.0 = Debug|Any CPU
		{23BC8221-F6C0-409E-8214-C58DD0BB9F23}.Release|Any CPU.ActiveCfg = Release|Any CPU
		{23BC8221-F6C0-409E-8214-C58DD0BB9F23}.Release|Any CPU.Build.0 = Release|Any CPU
		{6C984E6D-22B1-4482-B39E-7F7A06FA8F1E}.Debug|Any CPU.ActiveCfg = Debug|Any CPU
		{6C984E6D-22B1-4482-B39E-7F7A06FA8F1E}.Debug|Any CPU.Build.0 = Debug|Any CPU
		{6C984E6D-22B1-4482-B39E-7F7A06FA8F1E}.Release|Any CPU.ActiveCfg = Release|Any CPU
		{6C984E6D-22B1-4482-B39E-7F7A06FA8F1E}.Release|Any CPU.Build.0 = Release|Any CPU
		{B260ECA3-E4BD-490E-9C35-560BDA7BA44B}.Debug|Any CPU.ActiveCfg = Debug|Any CPU
		{B260ECA3-E4BD-490E-9C35-560BDA7BA44B}.Debug|Any CPU.Build.0 = Debug|Any CPU
		{B260ECA3-E4BD-490E-9C35-560BDA7BA44B}.Release|Any CPU.ActiveCfg = Release|Any CPU
		{B260ECA3-E4BD-490E-9C35-560BDA7BA44B}.Release|Any CPU.Build.0 = Release|Any CPU
	EndGlobalSection
	GlobalSection(SolutionProperties) = preSolution
		HideSolutionNode = FALSE
	EndGlobalSection
	GlobalSection(ExtensibilityGlobals) = postSolution
		SolutionGuid = {86F70A51-5D14-444F-9D1F-B76A062C5ECD}
	EndGlobalSection
EndGlobal
